
Microsoft Visual Studio Solution File, Format Version 12.00
Project("{FAE04EC0-301F-11D3-BF4B-00C04F79EFBC}") = "ModlistValidation", "ModlistValidation\ModlistValidation.csproj", "{B7E01EFD-919A-427B-B5A2-243BF9086A8E}"
EndProject
Project("{2150E333-8FDC-42A3-9474-1A3956D46DE8}") = ".solutionItems", ".solutionItems", "{CE374A5A-9021-44CF-8E04-A04A5C614003}"
ProjectSection(SolutionItems) = preProject
	..\ci_lists.json = ..\ci_lists.json
	..\disabled_mod_lists.json = ..\disabled_mod_lists.json
	..\modlists.json = ..\modlists.json
	..\unlisted_modlists.json = ..\unlisted_modlists.json
	..\utility_modlists.json = ..\utility_modlists.json
	..\.editorconfig = ..\.editorconfig
	..\.gitattributes = ..\.gitattributes
	..\.gitignore = ..\.gitignore
	..\invalid_repositories.json = ..\invalid_repositories.json
	..\repositories.json = ..\repositories.json
	..\Invalid_Repositories.md = ..\Invalid_Repositories.md
EndProjectSection
EndProject
Global
	GlobalSection(SolutionConfigurationPlatforms) = preSolution
		Debug|Any CPU = Debug|Any CPU
		Release|Any CPU = Release|Any CPU
	EndGlobalSection
	GlobalSection(ProjectConfigurationPlatforms) = postSolution
		{B7E01EFD-919A-427B-B5A2-243BF9086A8E}.Debug|Any CPU.ActiveCfg = Debug|Any CPU
		{B7E01EFD-919A-427B-B5A2-243BF9086A8E}.Debug|Any CPU.Build.0 = Debug|Any CPU
		{B7E01EFD-919A-427B-B5A2-243BF9086A8E}.Release|Any CPU.ActiveCfg = Release|Any CPU
		{B7E01EFD-919A-427B-B5A2-243BF9086A8E}.Release|Any CPU.Build.0 = Release|Any CPU
	EndGlobalSection
EndGlobal
